// !$*UTF8*$!
{
	archiveVersion = 1;
	classes = {
	};
	objectVersion = 50;
	objects = {

/* Begin PBXBuildFile section */
		177E1A1353F612B315A5920E /* Pods_Instagram.framework in Frameworks */ = {isa = PBXBuildFile; fileRef = DF09FD149A1AEAB9FD73C111 /* Pods_Instagram.framework */; };
		B5D69D02256519BF00747E95 /* AppDelegate.swift in Sources */ = {isa = PBXBuildFile; fileRef = B5D69D01256519BF00747E95 /* AppDelegate.swift */; };
		B5D69D04256519BF00747E95 /* SceneDelegate.swift in Sources */ = {isa = PBXBuildFile; fileRef = B5D69D03256519BF00747E95 /* SceneDelegate.swift */; };
		B5D69D09256519BF00747E95 /* Main.storyboard in Resources */ = {isa = PBXBuildFile; fileRef = B5D69D07256519BF00747E95 /* Main.storyboard */; };
		B5D69D0B256519C800747E95 /* Assets.xcassets in Resources */ = {isa = PBXBuildFile; fileRef = B5D69D0A256519C800747E95 /* Assets.xcassets */; };
		B5D69D0E256519C800747E95 /* LaunchScreen.storyboard in Resources */ = {isa = PBXBuildFile; fileRef = B5D69D0C256519C800747E95 /* LaunchScreen.storyboard */; };
		B5D69D1625651B4B00747E95 /* LoginViewController.swift in Sources */ = {isa = PBXBuildFile; fileRef = B5D69D1525651B4B00747E95 /* LoginViewController.swift */; };
		B5D69D1825651B6900747E95 /* HomeViewController.swift in Sources */ = {isa = PBXBuildFile; fileRef = B5D69D1725651B6900747E95 /* HomeViewController.swift */; };
		B5D69D1A25651B8000747E95 /* ImageSelectViewController.swift in Sources */ = {isa = PBXBuildFile; fileRef = B5D69D1925651B8000747E95 /* ImageSelectViewController.swift */; };
		B5D69D1C25651B9500747E95 /* PostViewController.swift in Sources */ = {isa = PBXBuildFile; fileRef = B5D69D1B25651B9500747E95 /* PostViewController.swift */; };
		B5D69D1E25651BAB00747E95 /* SettingViewController.swift in Sources */ = {isa = PBXBuildFile; fileRef = B5D69D1D25651BAB00747E95 /* SettingViewController.swift */; };
		B5D69D202565208100747E95 /* TabBarController.swift in Sources */ = {isa = PBXBuildFile; fileRef = B5D69D1F2565208100747E95 /* TabBarController.swift */; };
		B5D69D222565265A00747E95 /* GoogleService-Info.plist in Resources */ = {isa = PBXBuildFile; fileRef = B5D69D212565265A00747E95 /* GoogleService-Info.plist */; };
/* End PBXBuildFile section */

/* Begin PBXFileReference section */
		4E62024210AFA78CA68551A5 /* Pods-Instagram.release.xcconfig */ = {isa = PBXFileReference; includeInIndex = 1; lastKnownFileType = text.xcconfig; name = "Pods-Instagram.release.xcconfig"; path = "Target Support Files/Pods-Instagram/Pods-Instagram.release.xcconfig"; sourceTree = "<group>"; };
		B5D69CFE256519BF00747E95 /* Instagram.app */ = {isa = PBXFileReference; explicitFileType = wrapper.application; includeInIndex = 0; path = Instagram.app; sourceTree = BUILT_PRODUCTS_DIR; };
		B5D69D01256519BF00747E95 /* AppDelegate.swift */ = {isa = PBXFileReference; lastKnownFileType = sourcecode.swift; path = AppDelegate.swift; sourceTree = "<group>"; };
		B5D69D03256519BF00747E95 /* SceneDelegate.swift */ = {isa = PBXFileReference; lastKnownFileType = sourcecode.swift; path = SceneDelegate.swift; sourceTree = "<group>"; };
		B5D69D08256519BF00747E95 /* Base */ = {isa = PBXFileReference; lastKnownFileType = file.storyboard; name = Base; path = Base.lproj/Main.storyboard; sourceTree = "<group>"; };
		B5D69D0A256519C800747E95 /* Assets.xcassets */ = {isa = PBXFileReference; lastKnownFileType = folder.assetcatalog; path = Assets.xcassets; sourceTree = "<group>"; };
		B5D69D0D256519C800747E95 /* Base */ = {isa = PBXFileReference; lastKnownFileType = file.storyboard; name = Base; path = Base.lproj/LaunchScreen.storyboard; sourceTree = "<group>"; };
		B5D69D0F256519C800747E95 /* Info.plist */ = {isa = PBXFileReference; lastKnownFileType = text.plist.xml; path = Info.plist; sourceTree = "<group>"; };
		B5D69D1525651B4B00747E95 /* LoginViewController.swift */ = {isa = PBXFileReference; lastKnownFileType = sourcecode.swift; path = LoginViewController.swift; sourceTree = "<group>"; };
		B5D69D1725651B6900747E95 /* HomeViewController.swift */ = {isa = PBXFileReference; lastKnownFileType = sourcecode.swift; path = HomeViewController.swift; sourceTree = "<group>"; };
		B5D69D1925651B8000747E95 /* ImageSelectViewController.swift */ = {isa = PBXFileReference; lastKnownFileType = sourcecode.swift; path = ImageSelectViewController.swift; sourceTree = "<group>"; };
		B5D69D1B25651B9500747E95 /* PostViewController.swift */ = {isa = PBXFileReference; lastKnownFileType = sourcecode.swift; path = PostViewController.swift; sourceTree = "<group>"; };
		B5D69D1D25651BAB00747E95 /* SettingViewController.swift */ = {isa = PBXFileReference; lastKnownFileType = sourcecode.swift; path = SettingViewController.swift; sourceTree = "<group>"; };
		B5D69D1F2565208100747E95 /* TabBarController.swift */ = {isa = PBXFileReference; lastKnownFileType = sourcecode.swift; path = TabBarController.swift; sourceTree = "<group>"; };
		B5D69D212565265A00747E95 /* GoogleService-Info.plist */ = {isa = PBXFileReference; fileEncoding = 4; lastKnownFileType = text.plist.xml; name = "GoogleService-Info.plist"; path = "../GoogleService-Info.plist"; sourceTree = "<group>"; };
		B60D09C410BE955ABA8D5AA7 /* Pods-Instagram.debug.xcconfig */ = {isa = PBXFileReference; includeInIndex = 1; lastKnownFileType = text.xcconfig; name = "Pods-Instagram.debug.xcconfig"; path = "Target Support Files/Pods-Instagram/Pods-Instagram.debug.xcconfig"; sourceTree = "<group>"; };
		DF09FD149A1AEAB9FD73C111 /* Pods_Instagram.framework */ = {isa = PBXFileReference; explicitFileType = wrapper.framework; includeInIndex = 0; path = Pods_Instagram.framework; sourceTree = BUILT_PRODUCTS_DIR; };
/* End PBXFileReference section */

/* Begin PBXFrameworksBuildPhase section */
		B5D69CFB256519BF00747E95 /* Frameworks */ = {
			isa = PBXFrameworksBuildPhase;
			buildActionMask = 2147483647;
			files = (
				177E1A1353F612B315A5920E /* Pods_Instagram.framework in Frameworks */,
			);
			runOnlyForDeploymentPostprocessing = 0;
		};
/* End PBXFrameworksBuildPhase section */

/* Begin PBXGroup section */
		603B9EF2B1F1DF8EA4664BF7 /* Pods */ = {
			isa = PBXGroup;
			children = (
				B60D09C410BE955ABA8D5AA7 /* Pods-Instagram.debug.xcconfig */,
				4E62024210AFA78CA68551A5 /* Pods-Instagram.release.xcconfig */,
			);
			name = Pods;
			path = Pods;
			sourceTree = "<group>";
		};
		9072556B17762C3692553A6C /* Frameworks */ = {
			isa = PBXGroup;
			children = (
				DF09FD149A1AEAB9FD73C111 /* Pods_Instagram.framework */,
			);
			name = Frameworks;
			sourceTree = "<group>";
		};
		B5D69CF5256519BF00747E95 = {
			isa = PBXGroup;
			children = (
				B5D69D00256519BF00747E95 /* Instagram */,
				B5D69CFF256519BF00747E95 /* Products */,
				603B9EF2B1F1DF8EA4664BF7 /* Pods */,
				9072556B17762C3692553A6C /* Frameworks */,
			);
			sourceTree = "<group>";
		};
		B5D69CFF256519BF00747E95 /* Products */ = {
			isa = PBXGroup;
			children = (
				B5D69CFE256519BF00747E95 /* Instagram.app */,
			);
			name = Products;
			sourceTree = "<group>";
		};
		B5D69D00256519BF00747E95 /* Instagram */ = {
			isa = PBXGroup;
			children = (
				B5D69D01256519BF00747E95 /* AppDelegate.swift */,
				B5D69D03256519BF00747E95 /* SceneDelegate.swift */,
				B5D69D1525651B4B00747E95 /* LoginViewController.swift */,
				B5D69D1725651B6900747E95 /* HomeViewController.swift */,
				B5D69D1925651B8000747E95 /* ImageSelectViewController.swift */,
				B5D69D1B25651B9500747E95 /* PostViewController.swift */,
				B5D69D1D25651BAB00747E95 /* SettingViewController.swift */,
				B5D69D1F2565208100747E95 /* TabBarController.swift */,
				B5D69D07256519BF00747E95 /* Main.storyboard */,
				B5D69D0A256519C800747E95 /* Assets.xcassets */,
				B5D69D0C256519C800747E95 /* LaunchScreen.storyboard */,
				B5D69D0F256519C800747E95 /* Info.plist */,
				B5D69D212565265A00747E95 /* GoogleService-Info.plist */,
			);
			path = Instagram;
			sourceTree = "<group>";
		};
/* End PBXGroup section */

/* Begin PBXNativeTarget section */
		B5D69CFD256519BF00747E95 /* Instagram */ = {
			isa = PBXNativeTarget;
			buildConfigurationList = B5D69D12256519C800747E95 /* Build configuration list for PBXNativeTarget "Instagram" */;
			buildPhases = (
				1D5A4160648E1F9CE0F1BFC1 /* [CP] Check Pods Manifest.lock */,
				B5D69CFA256519BF00747E95 /* Sources */,
				B5D69CFB256519BF00747E95 /* Frameworks */,
				B5D69CFC256519BF00747E95 /* Resources */,
				5A2B0BEC4912CE51FA998977 /* [CP] Embed Pods Frameworks */,
			);
			buildRules = (
			);
			dependencies = (
			);
			name = Instagram;
			productName = Instagram;
			productReference = B5D69CFE256519BF00747E95 /* Instagram.app */;
			productType = "com.apple.product-type.application";
		};
/* End PBXNativeTarget section */

/* Begin PBXProject section */
		B5D69CF6256519BF00747E95 /* Project object */ = {
			isa = PBXProject;
			attributes = {
				LastSwiftUpdateCheck = 1150;
				LastUpgradeCheck = 1150;
				ORGANIZATIONNAME = "Oyama Tetsuya";
				TargetAttributes = {
					B5D69CFD256519BF00747E95 = {
						CreatedOnToolsVersion = 11.5;
					};
				};
			};
			buildConfigurationList = B5D69CF9256519BF00747E95 /* Build configuration list for PBXProject "Instagram" */;
			compatibilityVersion = "Xcode 9.3";
			developmentRegion = en;
			hasScannedForEncodings = 0;
			knownRegions = (
				en,
				Base,
			);
			mainGroup = B5D69CF5256519BF00747E95;
			productRefGroup = B5D69CFF256519BF00747E95 /* Products */;
			projectDirPath = "";
			projectRoot = "";
			targets = (
				B5D69CFD256519BF00747E95 /* Instagram */,
			);
		};
/* End PBXProject section */

/* Begin PBXResourcesBuildPhase section */
		B5D69CFC256519BF00747E95 /* Resources */ = {
			isa = PBXResourcesBuildPhase;
			buildActionMask = 2147483647;
			files = (
				B5D69D0E256519C800747E95 /* LaunchScreen.storyboard in Resources */,
				B5D69D222565265A00747E95 /* GoogleService-Info.plist in Resources */,
				B5D69D0B256519C800747E95 /* Assets.xcassets in Resources */,
				B5D69D09256519BF00747E95 /* Main.storyboard in Resources */,
			);
			runOnlyForDeploymentPostprocessing = 0;
		};
/* End PBXResourcesBuildPhase section */

/* Begin PBXShellScriptBuildPhase section */
		1D5A4160648E1F9CE0F1BFC1 /* [CP] Check Pods Manifest.lock */ = {
			isa = PBXShellScriptBuildPhase;
			buildActionMask = 2147483647;
			files = (
			);
			inputFileListPaths = (
			);
			inputPaths = (
				"${PODS_PODFILE_DIR_PATH}/Podfile.lock",
				"${PODS_ROOT}/Manifest.lock",
			);
			name = "[CP] Check Pods Manifest.lock";
			outputFileListPaths = (
			);
			outputPaths = (
				"$(DERIVED_FILE_DIR)/Pods-Instagram-checkManifestLockResult.txt",
			);
			runOnlyForDeploymentPostprocessing = 0;
			shellPath = /bin/sh;
			shellScript = "diff \"${PODS_PODFILE_DIR_PATH}/Podfile.lock\" \"${PODS_ROOT}/Manifest.lock\" > /dev/null\nif [ $? != 0 ] ; then\n    # print error to STDERR\n    echo \"error: The sandbox is not in sync with the Podfile.lock. Run 'pod install' or update your CocoaPods installation.\" >&2\n    exit 1\nfi\n# This output is used by Xcode 'outputs' to avoid re-running this script phase.\necho \"SUCCESS\" > \"${SCRIPT_OUTPUT_FILE_0}\"\n";
			showEnvVarsInLog = 0;
		};
		5A2B0BEC4912CE51FA998977 /* [CP] Embed Pods Frameworks */ = {
			isa = PBXShellScriptBuildPhase;
			buildActionMask = 2147483647;
			files = (
			);
			inputFileListPaths = (
				"${PODS_ROOT}/Target Support Files/Pods-Instagram/Pods-Instagram-frameworks-${CONFIGURATION}-input-files.xcfilelist",
			);
			name = "[CP] Embed Pods Frameworks";
			outputFileListPaths = (
				"${PODS_ROOT}/Target Support Files/Pods-Instagram/Pods-Instagram-frameworks-${CONFIGURATION}-output-files.xcfilelist",
			);
			runOnlyForDeploymentPostprocessing = 0;
			shellPath = /bin/sh;
			shellScript = "\"${PODS_ROOT}/Target Support Files/Pods-Instagram/Pods-Instagram-frameworks.sh\"\n";
			showEnvVarsInLog = 0;
		};
/* End PBXShellScriptBuildPhase section */

/* Begin PBXSourcesBuildPhase section */
		B5D69CFA256519BF00747E95 /* Sources */ = {
			isa = PBXSourcesBuildPhase;
			buildActionMask = 2147483647;
			files = (
				B5D69D1A25651B8000747E95 /* ImageSelectViewController.swift in Sources */,
				B5D69D202565208100747E95 /* TabBarController.swift in Sources */,
				B5D69D1825651B6900747E95 /* HomeViewController.swift in Sources */,
				B5D69D1C25651B9500747E95 /* PostViewController.swift in Sources */,
				B5D69D1E25651BAB00747E95 /* SettingViewController.swift in Sources */,
				B5D69D1625651B4B00747E95 /* LoginViewController.swift in Sources */,
				B5D69D02256519BF00747E95 /* AppDelegate.swift in Sources */,
				B5D69D04256519BF00747E95 /* SceneDelegate.swift in Sources */,
			);
			runOnlyForDeploymentPostprocessing = 0;
		};
/* End PBXSourcesBuildPhase section */

/* Begin PBXVariantGroup section */
		B5D69D07256519BF00747E95 /* Main.storyboard */ = {
			isa = PBXVariantGroup;
			children = (
				B5D69D08256519BF00747E95 /* Base */,
			);
			name = Main.storyboard;
			sourceTree = "<group>";
		};
		B5D69D0C256519C800747E95 /* LaunchScreen.storyboard */ = {
			isa = PBXVariantGroup;
			children = (
				B5D69D0D256519C800747E95 /* Base */,
			);
			name = LaunchScreen.storyboard;
			sourceTree = "<group>";
		};
/* End PBXVariantGroup section */

/* Begin XCBuildConfiguration section */
		B5D69D10256519C800747E95 /* Debug */ = {
			isa = XCBuildConfiguration;
			buildSettings = {
				ALWAYS_SEARCH_USER_PATHS = NO;
				CLANG_ANALYZER_NONNULL = YES;
				CLANG_ANALYZER_NUMBER_OBJECT_CONVERSION = YES_AGGRESSIVE;
				CLANG_CXX_LANGUAGE_STANDARD = "gnu++14";
				CLANG_CXX_LIBRARY = "libc++";
				CLANG_ENABLE_MODULES = YES;
				CLANG_ENABLE_OBJC_ARC = YES;
				CLANG_ENABLE_OBJC_WEAK = YES;
				CLANG_WARN_BLOCK_CAPTURE_AUTORELEASING = YES;
				CLANG_WARN_BOOL_CONVERSION = YES;
				CLANG_WARN_COMMA = YES;
				CLANG_WARN_CONSTANT_CONVERSION = YES;
				CLANG_WARN_DEPRECATED_OBJC_IMPLEMENTATIONS = YES;
				CLANG_WARN_DIRECT_OBJC_ISA_USAGE = YES_ERROR;
				CLANG_WARN_DOCUMENTATION_COMMENTS = YES;
				CLANG_WARN_EMPTY_BODY = YES;
				CLANG_WARN_ENUM_CONVERSION = YES;
				CLANG_WARN_INFINITE_RECURSION = YES;
				CLANG_WARN_INT_CONVERSION = YES;
				CLANG_WARN_NON_LITERAL_NULL_CONVERSION = YES;
				CLANG_WARN_OBJC_IMPLICIT_RETAIN_SELF = YES;
				CLANG_WARN_OBJC_LITERAL_CONVERSION = YES;
				CLANG_WARN_OBJC_ROOT_CLASS = YES_ERROR;
				CLANG_WARN_RANGE_LOOP_ANALYSIS = YES;
				CLANG_WARN_STRICT_PROTOTYPES = YES;
				CLANG_WARN_SUSPICIOUS_MOVE = YES;
				CLANG_WARN_UNGUARDED_AVAILABILITY = YES_AGGRESSIVE;
				CLANG_WARN_UNREACHABLE_CODE = YES;
				CLANG_WARN__DUPLICATE_METHOD_MATCH = YES;
				COPY_PHASE_STRIP = NO;
				DEBUG_INFORMATION_FORMAT = dwarf;
				ENABLE_STRICT_OBJC_MSGSEND = YES;
				ENABLE_TESTABILITY = YES;
				GCC_C_LANGUAGE_STANDARD = gnu11;
				GCC_DYNAMIC_NO_PIC = NO;
				GCC_NO_COMMON_BLOCKS = YES;
				GCC_OPTIMIZATION_LEVEL = 0;
				GCC_PREPROCESSOR_DEFINITIONS = (
					"DEBUG=1",
					"$(inherited)",
				);
				GCC_WARN_64_TO_32_BIT_CONVERSION = YES;
				GCC_WARN_ABOUT_RETURN_TYPE = YES_ERROR;
				GCC_WARN_UNDECLARED_SELECTOR = YES;
				GCC_WARN_UNINITIALIZED_AUTOS = YES_AGGRESSIVE;
				GCC_WARN_UNUSED_FUNCTION = YES;
				GCC_WARN_UNUSED_VARIABLE = YES;
				IPHONEOS_DEPLOYMENT_TARGET = 13.5;
				MTL_ENABLE_DEBUG_INFO = INCLUDE_SOURCE;
				MTL_FAST_MATH = YES;
				ONLY_ACTIVE_ARCH = YES;
				SDKROOT = iphoneos;
				SWIFT_ACTIVE_COMPILATION_CONDITIONS = DEBUG;
				SWIFT_OPTIMIZATION_LEVEL = "-Onone";
			};
			name = Debug;
		};
		B5D69D11256519C800747E95 /* Release */ = {
			isa = XCBuildConfiguration;
			buildSettings = {
				ALWAYS_SEARCH_USER_PATHS = NO;
				CLANG_ANALYZER_NONNULL = YES;
				CLANG_ANALYZER_NUMBER_OBJECT_CONVERSION = YES_AGGRESSIVE;
				CLANG_CXX_LANGUAGE_STANDARD = "gnu++14";
				CLANG_CXX_LIBRARY = "libc++";
				CLANG_ENABLE_MODULES = YES;
				CLANG_ENABLE_OBJC_ARC = YES;
				CLANG_ENABLE_OBJC_WEAK = YES;
				CLANG_WARN_BLOCK_CAPTURE_AUTORELEASING = YES;
				CLANG_WARN_BOOL_CONVERSION = YES;
				CLANG_WARN_COMMA = YES;
				CLANG_WARN_CONSTANT_CONVERSION = YES;
				CLANG_WARN_DEPRECATED_OBJC_IMPLEMENTATIONS = YES;
				CLANG_WARN_DIRECT_OBJC_ISA_USAGE = YES_ERROR;
				CLANG_WARN_DOCUMENTATION_COMMENTS = YES;
				CLANG_WARN_EMPTY_BODY = YES;
				CLANG_WARN_ENUM_CONVERSION = YES;
				CLANG_WARN_INFINITE_RECURSION = YES;
				CLANG_WARN_INT_CONVERSION = YES;
				CLANG_WARN_NON_LITERAL_NULL_CONVERSION = YES;
				CLANG_WARN_OBJC_IMPLICIT_RETAIN_SELF = YES;
				CLANG_WARN_OBJC_LITERAL_CONVERSION = YES;
				CLANG_WARN_OBJC_ROOT_CLASS = YES_ERROR;
				CLANG_WARN_RANGE_LOOP_ANALYSIS = YES;
				CLANG_WARN_STRICT_PROTOTYPES = YES;
				CLANG_WARN_SUSPICIOUS_MOVE = YES;
				CLANG_WARN_UNGUARDED_AVAILABILITY = YES_AGGRESSIVE;
				CLANG_WARN_UNREACHABLE_CODE = YES;
				CLANG_WARN__DUPLICATE_METHOD_MATCH = YES;
				COPY_PHASE_STRIP = NO;
				DEBUG_INFORMATION_FORMAT = "dwarf-with-dsym";
				ENABLE_NS_ASSERTIONS = NO;
				ENABLE_STRICT_OBJC_MSGSEND = YES;
				GCC_C_LANGUAGE_STANDARD = gnu11;
				GCC_NO_COMMON_BLOCKS = YES;
				GCC_WARN_64_TO_32_BIT_CONVERSION = YES;
				GCC_WARN_ABOUT_RETURN_TYPE = YES_ERROR;
				GCC_WARN_UNDECLARED_SELECTOR = YES;
				GCC_WARN_UNINITIALIZED_AUTOS = YES_AGGRESSIVE;
				GCC_WARN_UNUSED_FUNCTION = YES;
				GCC_WARN_UNUSED_VARIABLE = YES;
				IPHONEOS_DEPLOYMENT_TARGET = 13.5;
				MTL_ENABLE_DEBUG_INFO = NO;
				MTL_FAST_MATH = YES;
				SDKROOT = iphoneos;
				SWIFT_COMPILATION_MODE = wholemodule;
				SWIFT_OPTIMIZATION_LEVEL = "-O";
				VALIDATE_PRODUCT = YES;
			};
			name = Release;
		};
		B5D69D13256519C800747E95 /* Debug */ = {
			isa = XCBuildConfiguration;
			baseConfigurationReference = B60D09C410BE955ABA8D5AA7 /* Pods-Instagram.debug.xcconfig */;
			buildSettings = {
				ASSETCATALOG_COMPILER_APPICON_NAME = AppIcon;
				CODE_SIGN_STYLE = Automatic;
				DEVELOPMENT_TEAM = Z4LG97J42R;
				INFOPLIST_FILE = Instagram/Info.plist;
				LD_RUNPATH_SEARCH_PATHS = (
					"$(inherited)",
					"@executable_path/Frameworks",
				);
				PRODUCT_BUNDLE_IDENTIFIER = jp.techacademy.tetsuya.oyama.Instagram;
				PRODUCT_NAME = "$(TARGET_NAME)";
				SWIFT_VERSION = 5.0;
				TARGETED_DEVICE_FAMILY = "1,2";
			};
			name = Debug;
		};
		B5D69D14256519C800747E95 /* Release */ = {
			isa = XCBuildConfiguration;
			baseConfigurationReference = 4E62024210AFA78CA68551A5 /* Pods-Instagram.release.xcconfig */;
			buildSettings = {
				ASSETCATALOG_COMPILER_APPICON_NAME = AppIcon;
				CODE_SIGN_STYLE = Automatic;
				DEVELOPMENT_TEAM = Z4LG97J42R;
				INFOPLIST_FILE = Instagram/Info.plist;
				LD_RUNPATH_SEARCH_PATHS = (
					"$(inherited)",
					"@executable_path/Frameworks",
				);
				PRODUCT_BUNDLE_IDENTIFIER = jp.techacademy.tetsuya.oyama.Instagram;
				PRODUCT_NAME = "$(TARGET_NAME)";
				SWIFT_VERSION = 5.0;
				TARGETED_DEVICE_FAMILY = "1,2";
			};
			name = Release;
		};
/* End XCBuildConfiguration section */

/* Begin XCConfigurationList section */
		B5D69CF9256519BF00747E95 /* Build configuration list for PBXProject "Instagram" */ = {
			isa = XCConfigurationList;
			buildConfigurations = (
				B5D69D10256519C800747E95 /* Debug */,
				B5D69D11256519C800747E95 /* Release */,
			);
			defaultConfigurationIsVisible = 0;
			defaultConfigurationName = Release;
		};
		B5D69D12256519C800747E95 /* Build configuration list for PBXNativeTarget "Instagram" */ = {
			isa = XCConfigurationList;
			buildConfigurations = (
				B5D69D13256519C800747E95 /* Debug */,
				B5D69D14256519C800747E95 /* Release */,
			);
			defaultConfigurationIsVisible = 0;
			defaultConfigurationName = Release;
		};
/* End XCConfigurationList section */
	};
	rootObject = B5D69CF6256519BF00747E95 /* Project object */;
}
